<?xml version="1.0" encoding="utf-8"?>
<Project ToolsVersion="4.0" xmlns="http://schemas.microsoft.com/developer/msbuild/2003">
  <ItemGroup>
    <Filter Include="Source Files">
      <UniqueIdentifier>{4FC737F1-C7A5-4376-A066-2A32D752A2FF}</UniqueIdentifier>
      <Extensions>cpp;c;cc;cxx;def;odl;idl;hpj;bat;asm;asmx</Extensions>
    </Filter>
    <Filter Include="Source Files\Core">
      <UniqueIdentifier>{90985698-04a1-4891-862f-6c403b54f619}</UniqueIdentifier>
    </Filter>
    <Filter Include="Source Files\Handlers">
      <UniqueIdentifier>{d41e18b2-8600-4c0b-af8d-1ab19175676e}</UniqueIdentifier>
    </Filter>
    <Filter Include="Header Files">
      <UniqueIdentifier>{93995380-89BD-4b04-88EB-625FBE52EBFB}</UniqueIdentifier>
      <Extensions>h;hpp;hxx;hm;inl;inc;xsd</Extensions>
    </Filter>
    <Filter Include="Header Files\Core">
      <UniqueIdentifier>{e231c477-acb0-455c-85df-9af4d1dedbc2}</UniqueIdentifier>
    </Filter>
    <Filter Include="Header Files\Handlers">
      <UniqueIdentifier>{5f3c4d18-3ba4-4758-a3ee-a5e1744685a6}</UniqueIdentifier>
    </Filter>
    <Filter Include="Resource Files">
      <UniqueIdentifier>{67DA6AB6-F800-4c08-8B7A-83BB121AAD01}</UniqueIdentifier>
      <Extensions>rc;ico;cur;bmp;dlg;rc2;rct;bin;rgs;gif;jpg;jpeg;jpe;resx;tiff;tif;png;wav</Extensions>
    </Filter>
  </ItemGroup>
  <ItemGroup>
    <ClCompile Include="AbsoluteSecurityCore.cpp">
      <Filter>Source Files</Filter>
    </ClCompile>
    <ClCompile Include="CoreFactory.cpp">
      <Filter>Source Files</Filter>
    </ClCompile>
    <ClCompile Include="DllMain.cpp">
      <Filter>Source Files</Filter>
    </ClCompile>
    <ClCompile Include="FileCipher.cpp">
      <Filter>Source Files</Filter>
    </ClCompile>
    <ClCompile Include="FileCipherFactory.cpp">
      <Filter>Source Files</Filter>
    </ClCompile>
    <ClCompile Include="GammaFileCipher.cpp">
      <Filter>Source Files</Filter>
    </ClCompile>
    <ClCompile Include="Kernel.cpp">
      <Filter>Source Files</Filter>
    </ClCompile>
    <ClCompile Include="KeyStorage.cpp">
      <Filter>Source Files</Filter>
    </ClCompile>
    <ClCompile Include="KeyStorageFactory.cpp">
      <Filter>Source Files</Filter>
    </ClCompile>
    <ClCompile Include="MD5BasedKeyStorage.cpp">
      <Filter>Source Files</Filter>
    </ClCompile>
    <ClCompile Include="ServerCommunicator.cpp">
      <Filter>Source Files</Filter>
    </ClCompile>
    <ClCompile Include="StrongSecurityCore.cpp">
      <Filter>Source Files</Filter>
    </ClCompile>
    <ClCompile Include="Core\Core.cpp">
      <Filter>Source Files\Core</Filter>
    </ClCompile>
    <ClCompile Include="Core\CoreProgressHandler.cpp">
      <Filter>Source Files\Core</Filter>
    </ClCompile>
    <ClCompile Include="CipherProgressDispatcher.cpp">
      <Filter>Source Files\Handlers</Filter>
    </ClCompile>
    <ClCompile Include="CoreProgressDispatcher.cpp">
      <Filter>Source Files\Handlers</Filter>
    </ClCompile>
    <ClCompile Include="FileProgressHandler.cpp">
      <Filter>Source Files\Handlers</Filter>
    </ClCompile>
    <ClCompile Include="WiperProgressDispatcher.cpp">
      <Filter>Source Files\Handlers</Filter>
    </ClCompile>
  </ItemGroup>
  <ItemGroup>
    <ClInclude Include="AbsoluteSecurityCore.h">
      <Filter>Header Files</Filter>
    </ClInclude>
    <ClInclude Include="CoreFactory.h">
      <Filter>Header Files</Filter>
    </ClInclude>
    <ClInclude Include="FileCipher.h">
      <Filter>Header Files</Filter>
    </ClInclude>
    <ClInclude Include="FileCipherFactory.h">
      <Filter>Header Files</Filter>
    </ClInclude>
    <ClInclude Include="GammaFileCipher.h">
      <Filter>Header Files</Filter>
    </ClInclude>
    <ClInclude Include="Kernel.h">
      <Filter>Header Files</Filter>
    </ClInclude>
    <ClInclude Include="KeyStorage.h">
      <Filter>Header Files</Filter>
    </ClInclude>
    <ClInclude Include="KeyStorageFactory.h">
      <Filter>Header Files</Filter>
    </ClInclude>
    <ClInclude Include="MD5BasedKeyStorage.h">
      <Filter>Header Files</Filter>
    </ClInclude>
    <ClInclude Include="RegistryFactory.h">
      <Filter>Header Files</Filter>
    </ClInclude>
    <ClInclude Include="ServerCommunicator.h">
      <Filter>Header Files</Filter>
    </ClInclude>
    <ClInclude Include="StrongSecurityCore.h">
      <Filter>Header Files</Filter>
    </ClInclude>
    <ClInclude Include="WiperFactory.h">
      <Filter>Header Files</Filter>
    </ClInclude>
    <ClInclude Include="Core\Core.h">
      <Filter>Header Files\Core</Filter>
    </ClInclude>
    <ClInclude Include="Core\CoreProgressHandler.h">
      <Filter>Header Files\Core</Filter>
    </ClInclude>
    <ClInclude Include="CipherProgressDispatcher.h">
      <Filter>Header Files\Handlers</Filter>
    </ClInclude>
    <ClInclude Include="CoreProgressDispatcher.h">
      <Filter>Header Files\Handlers</Filter>
    </ClInclude>
    <ClInclude Include="FileProgressHandler.h">
      <Filter>Header Files\Handlers</Filter>
    </ClInclude>
    <ClInclude Include="WiperProgressDispatcher.h">
      <Filter>Header Files\Handlers</Filter>
    </ClInclude>
    <ClInclude Include="resource.h">
      <Filter>Resource Files</Filter>
    </ClInclude>
  </ItemGroup>
  <ItemGroup>
    <ResourceCompile Include="Kernel.rc">
      <Filter>Resource Files</Filter>
    </ResourceCompile>
  </ItemGroup>
</Project>