<?xml version="1.0" encoding="utf-8"?>
<Project ToolsVersion="4.0" xmlns="http://schemas.microsoft.com/developer/msbuild/2003">
  <ItemGroup>
    <Filter Include="Source Files">
      <UniqueIdentifier>{4FC737F1-C7A5-4376-A066-2A32D752A2FF}</UniqueIdentifier>
      <Extensions>cpp;c;cc;cxx;def;odl;idl;hpj;bat;asm;asmx</Extensions>
    </Filter>
    <Filter Include="Source Files\exception">
      <UniqueIdentifier>{7556a2f3-b50b-4784-96fb-266d306d081c}</UniqueIdentifier>
    </Filter>
    <Filter Include="Source Files\RAII">
      <UniqueIdentifier>{81faba63-0a14-4d2f-b262-9d584c3145ee}</UniqueIdentifier>
    </Filter>
    <Filter Include="Source Files\UI">
      <UniqueIdentifier>{12b6c97a-d49c-49a6-bba8-21284e7d5a03}</UniqueIdentifier>
    </Filter>
    <Filter Include="Source Files\filesystem">
      <UniqueIdentifier>{63eaf941-e1ad-44d1-bc95-1b47f175010b}</UniqueIdentifier>
    </Filter>
    <Filter Include="Header Files">
      <UniqueIdentifier>{93995380-89BD-4b04-88EB-625FBE52EBFB}</UniqueIdentifier>
      <Extensions>h;hpp;hxx;hm;inl;inc;xsd</Extensions>
    </Filter>
    <Filter Include="Header Files\exception">
      <UniqueIdentifier>{27726792-bc3e-4e63-8cea-23cb4b64a142}</UniqueIdentifier>
    </Filter>
    <Filter Include="Header Files\RAII">
      <UniqueIdentifier>{42613d6f-d2dd-4e4a-a25b-a09db2a604d3}</UniqueIdentifier>
    </Filter>
    <Filter Include="Header Files\UI">
      <UniqueIdentifier>{ea67d4e7-fae4-4ce5-a336-d99f4cdb58ad}</UniqueIdentifier>
    </Filter>
    <Filter Include="Header Files\filesystem">
      <UniqueIdentifier>{acf97d84-a657-44c4-a8ca-4d0567f129e1}</UniqueIdentifier>
    </Filter>
    <Filter Include="Resource Files">
      <UniqueIdentifier>{67DA6AB6-F800-4c08-8B7A-83BB121AAD01}</UniqueIdentifier>
      <Extensions>rc;ico;cur;bmp;dlg;rc2;rct;bin;rgs;gif;jpg;jpeg;jpe;resx;tiff;tif;png;wav</Extensions>
    </Filter>
    <Filter Include="Header Files\DLL">
      <UniqueIdentifier>{43be005b-e7d5-47f3-8d28-9ccce890aa8a}</UniqueIdentifier>
    </Filter>
    <Filter Include="Source Files\DLL">
      <UniqueIdentifier>{71601385-fd87-4237-8425-adbf422f1537}</UniqueIdentifier>
    </Filter>
  </ItemGroup>
  <ItemGroup>
    <ClCompile Include="..\..\..\..\..\SDK\KAA\source\convert.cpp">
      <Filter>Source Files</Filter>
    </ClCompile>
    <ClCompile Include="..\..\..\..\..\SDK\KAA\source\cryptography.cpp">
      <Filter>Source Files</Filter>
    </ClCompile>
    <ClCompile Include="..\..\..\..\..\SDK\KAA\source\format_string.cpp">
      <Filter>Source Files</Filter>
    </ClCompile>
    <ClCompile Include="..\..\..\..\..\SDK\KAA\source\load_string.cpp">
      <Filter>Source Files</Filter>
    </ClCompile>
    <ClCompile Include="..\..\..\..\..\SDK\KAA\source\md5.cpp">
      <Filter>Source Files</Filter>
    </ClCompile>
    <ClCompile Include="..\..\..\..\..\SDK\KAA\source\module_context.cpp">
      <Filter>Source Files</Filter>
    </ClCompile>
    <ClCompile Include="..\..\..\..\..\SDK\KAA\source\random.cpp">
      <Filter>Source Files</Filter>
    </ClCompile>
    <ClCompile Include="..\..\..\..\..\SDK\KAA\source\registry.cpp">
      <Filter>Source Files</Filter>
    </ClCompile>
    <ClCompile Include="..\..\..\..\..\SDK\KAA\source\registry_key.cpp">
      <Filter>Source Files</Filter>
    </ClCompile>
    <ClCompile Include="..\..\..\..\..\SDK\KAA\source\windows_registry.cpp">
      <Filter>Source Files</Filter>
    </ClCompile>
    <ClCompile Include="..\..\..\..\..\SDK\KAA\source\windows_registry_key.cpp">
      <Filter>Source Files</Filter>
    </ClCompile>
    <ClCompile Include="..\..\..\..\..\SDK\KAA\source\exception\com_failure.cpp">
      <Filter>Source Files\exception</Filter>
    </ClCompile>
    <ClCompile Include="..\..\..\..\..\SDK\KAA\source\exception\failure.cpp">
      <Filter>Source Files\exception</Filter>
    </ClCompile>
    <ClCompile Include="..\..\..\..\..\SDK\KAA\source\exception\operation_failure.cpp">
      <Filter>Source Files\exception</Filter>
    </ClCompile>
    <ClCompile Include="..\..\..\..\..\SDK\KAA\source\exception\system_failure.cpp">
      <Filter>Source Files\exception</Filter>
    </ClCompile>
    <ClCompile Include="..\..\..\..\..\SDK\KAA\source\RAII\com_initializer.cpp">
      <Filter>Source Files\RAII</Filter>
    </ClCompile>
    <ClCompile Include="..\..\..\..\..\SDK\KAA\source\RAII\com_task_memory.cpp">
      <Filter>Source Files\RAII</Filter>
    </ClCompile>
    <ClCompile Include="..\..\..\..\..\SDK\KAA\source\RAII\invalid_parameter_handler.cpp">
      <Filter>Source Files\RAII</Filter>
    </ClCompile>
    <ClCompile Include="..\..\..\..\..\SDK\KAA\source\RAII\local_memory.cpp">
      <Filter>Source Files\RAII</Filter>
    </ClCompile>
    <ClCompile Include="..\..\..\..\..\SDK\KAA\source\RAII\variable_argument_list.cpp">
      <Filter>Source Files\RAII</Filter>
    </ClCompile>
    <ClCompile Include="..\..\..\..\..\SDK\KAA\source\RAII\windows_registry_key_handle.cpp">
      <Filter>Source Files\RAII</Filter>
    </ClCompile>
    <ClCompile Include="..\..\..\..\..\SDK\KAA\source\UI\controls.cpp">
      <Filter>Source Files\UI</Filter>
    </ClCompile>
    <ClCompile Include="..\..\..\..\..\SDK\KAA\source\filesystem\crt_file.cpp">
      <Filter>Source Files\filesystem</Filter>
    </ClCompile>
    <ClCompile Include="..\..\..\..\..\SDK\KAA\source\filesystem\crt_file_system.cpp">
      <Filter>Source Files\filesystem</Filter>
    </ClCompile>
    <ClCompile Include="..\..\..\..\..\SDK\KAA\source\filesystem\driver.cpp">
      <Filter>Source Files\filesystem</Filter>
    </ClCompile>
    <ClCompile Include="..\..\..\..\..\SDK\KAA\source\filesystem\file.cpp">
      <Filter>Source Files\filesystem</Filter>
    </ClCompile>
    <ClCompile Include="..\..\..\..\..\SDK\KAA\source\filesystem\file_progress_handler.cpp">
      <Filter>Source Files\filesystem</Filter>
    </ClCompile>
    <ClCompile Include="..\..\..\..\..\SDK\KAA\source\filesystem\filesystem.cpp">
      <Filter>Source Files\filesystem</Filter>
    </ClCompile>
    <ClCompile Include="..\..\..\..\..\SDK\KAA\source\filesystem\ordinary_file_remover.cpp">
      <Filter>Source Files\filesystem</Filter>
    </ClCompile>
    <ClCompile Include="..\..\..\..\..\SDK\KAA\source\filesystem\simple_overwrite_wiper.cpp">
      <Filter>Source Files\filesystem</Filter>
    </ClCompile>
    <ClCompile Include="..\..\..\..\..\SDK\KAA\source\filesystem\split_path.cpp">
      <Filter>Source Files\filesystem</Filter>
    </ClCompile>
    <ClCompile Include="..\..\..\..\..\SDK\KAA\source\filesystem\wiper.cpp">
      <Filter>Source Files\filesystem</Filter>
    </ClCompile>
    <ClCompile Include="..\..\..\..\..\SDK\KAA\source\exception\windows_api_failure.cpp">
      <Filter>Source Files\exception</Filter>
    </ClCompile>
    <ClCompile Include="..\..\..\..\..\SDK\KAA\source\dll\get_module_handle.cpp">
      <Filter>Source Files\DLL</Filter>
    </ClCompile>
    <ClCompile Include="..\..\..\..\..\SDK\KAA\source\filesystem\crt_directory_control.cpp">
      <Filter>Source Files\filesystem</Filter>
    </ClCompile>
    <ClCompile Include="..\..\..\..\..\SDK\KAA\source\RAII\crt_heap_memory.cpp">
      <Filter>Source Files\RAII</Filter>
    </ClCompile>
    <ClCompile Include="..\..\..\..\..\SDK\KAA\source\filesystem\directory_control.cpp">
      <Filter>Source Files\filesystem</Filter>
    </ClCompile>
  </ItemGroup>
  <ItemGroup>
    <ClInclude Include="..\..\..\..\..\SDK\KAA\include\convert.h">
      <Filter>Header Files</Filter>
    </ClInclude>
    <ClInclude Include="..\..\..\..\..\SDK\KAA\include\cryptography.h">
      <Filter>Header Files</Filter>
    </ClInclude>
    <ClInclude Include="..\..\..\..\..\SDK\KAA\include\format_string.h">
      <Filter>Header Files</Filter>
    </ClInclude>
    <ClInclude Include="..\..\..\..\..\SDK\KAA\include\load_string.h">
      <Filter>Header Files</Filter>
    </ClInclude>
    <ClInclude Include="..\..\..\..\..\SDK\KAA\include\md5.h">
      <Filter>Header Files</Filter>
    </ClInclude>
    <ClInclude Include="..\..\..\..\..\SDK\KAA\include\module_context.h">
      <Filter>Header Files</Filter>
    </ClInclude>
    <ClInclude Include="..\..\..\..\..\SDK\KAA\include\progress_state.h">
      <Filter>Header Files</Filter>
    </ClInclude>
    <ClInclude Include="..\..\..\..\..\SDK\KAA\include\random.h">
      <Filter>Header Files</Filter>
    </ClInclude>
    <ClInclude Include="..\..\..\..\..\SDK\KAA\include\registry.h">
      <Filter>Header Files</Filter>
    </ClInclude>
    <ClInclude Include="..\..\..\..\..\SDK\KAA\include\registry_key.h">
      <Filter>Header Files</Filter>
    </ClInclude>
    <ClInclude Include="..\..\..\..\..\SDK\KAA\include\windows_registry.h">
      <Filter>Header Files</Filter>
    </ClInclude>
    <ClInclude Include="..\..\..\..\..\SDK\KAA\include\windows_registry_key.h">
      <Filter>Header Files</Filter>
    </ClInclude>
    <ClInclude Include="..\..\..\..\..\SDK\KAA\include\exception\com_failure.h">
      <Filter>Header Files\exception</Filter>
    </ClInclude>
    <ClInclude Include="..\..\..\..\..\SDK\KAA\include\exception\failure.h">
      <Filter>Header Files\exception</Filter>
    </ClInclude>
    <ClInclude Include="..\..\..\..\..\SDK\KAA\include\exception\operation_failure.h">
      <Filter>Header Files\exception</Filter>
    </ClInclude>
    <ClInclude Include="..\..\..\..\..\SDK\KAA\include\exception\system_failure.h">
      <Filter>Header Files\exception</Filter>
    </ClInclude>
    <ClInclude Include="..\..\..\..\..\SDK\KAA\include\RAII\com_initializer.h">
      <Filter>Header Files\RAII</Filter>
    </ClInclude>
    <ClInclude Include="..\..\..\..\..\SDK\KAA\include\RAII\com_task_memory.h">
      <Filter>Header Files\RAII</Filter>
    </ClInclude>
    <ClInclude Include="..\..\..\..\..\SDK\KAA\include\RAII\invalid_parameter_handler.h">
      <Filter>Header Files\RAII</Filter>
    </ClInclude>
    <ClInclude Include="..\..\..\..\..\SDK\KAA\include\RAII\local_memory.h">
      <Filter>Header Files\RAII</Filter>
    </ClInclude>
    <ClInclude Include="..\..\..\..\..\SDK\KAA\include\RAII\variable_argument_list.h">
      <Filter>Header Files\RAII</Filter>
    </ClInclude>
    <ClInclude Include="..\..\..\..\..\SDK\KAA\include\RAII\windows_registry_key_handle.h">
      <Filter>Header Files\RAII</Filter>
    </ClInclude>
    <ClInclude Include="..\..\..\..\..\SDK\KAA\include\UI\controls.h">
      <Filter>Header Files\UI</Filter>
    </ClInclude>
    <ClInclude Include="..\..\..\..\..\SDK\KAA\include\filesystem\crt_file.h">
      <Filter>Header Files\filesystem</Filter>
    </ClInclude>
    <ClInclude Include="..\..\..\..\..\SDK\KAA\include\filesystem\crt_file_system.h">
      <Filter>Header Files\filesystem</Filter>
    </ClInclude>
    <ClInclude Include="..\..\..\..\..\SDK\KAA\include\filesystem\driver.h">
      <Filter>Header Files\filesystem</Filter>
    </ClInclude>
    <ClInclude Include="..\..\..\..\..\SDK\KAA\include\filesystem\file.h">
      <Filter>Header Files\filesystem</Filter>
    </ClInclude>
    <ClInclude Include="..\..\..\..\..\SDK\KAA\include\filesystem\file_progress_handler.h">
      <Filter>Header Files\filesystem</Filter>
    </ClInclude>
    <ClInclude Include="..\..\..\..\..\SDK\KAA\include\filesystem\filesystem.h">
      <Filter>Header Files\filesystem</Filter>
    </ClInclude>
    <ClInclude Include="..\..\..\..\..\SDK\KAA\include\filesystem\ordinary_file_remover.h">
      <Filter>Header Files\filesystem</Filter>
    </ClInclude>
    <ClInclude Include="..\..\..\..\..\SDK\KAA\include\filesystem\simple_overwrite_wiper.h">
      <Filter>Header Files\filesystem</Filter>
    </ClInclude>
    <ClInclude Include="..\..\..\..\..\SDK\KAA\include\filesystem\split_path.h">
      <Filter>Header Files\filesystem</Filter>
    </ClInclude>
    <ClInclude Include="..\..\..\..\..\SDK\KAA\include\filesystem\wiper.h">
      <Filter>Header Files\filesystem</Filter>
    </ClInclude>
    <ClInclude Include="..\..\..\..\..\SDK\KAA\include\exception\windows_api_failure.h">
      <Filter>Header Files\exception</Filter>
    </ClInclude>
    <ClInclude Include="..\..\..\..\..\SDK\KAA\include\dll\get_module_handle.h">
      <Filter>Header Files\DLL</Filter>
    </ClInclude>
    <ClInclude Include="..\..\..\..\..\SDK\KAA\include\filesystem\crt_directory_control.h">
      <Filter>Header Files\filesystem</Filter>
    </ClInclude>
    <ClInclude Include="..\..\..\..\..\SDK\KAA\include\RAII\crt_heap_memory.h">
      <Filter>Header Files\RAII</Filter>
    </ClInclude>
    <ClInclude Include="..\..\..\..\..\SDK\KAA\include\filesystem\directory_control.h">
      <Filter>Header Files\filesystem</Filter>
    </ClInclude>
  </ItemGroup>
</Project>